PODS:
  - CocoaAsyncSocket (7.5.0):
    - CocoaAsyncSocket/GCD (= 7.5.0)
  - CocoaAsyncSocket/GCD (7.5.0)
  - FMDB (2.6.2):
    - FMDB/standard (= 2.6.2)
  - FMDB/standard (2.6.2)
  - MJExtension (3.0.13)
  - SDWebImage (4.0.0-beta2):
    - SDWebImage/Core (= 4.0.0-beta2)
  - SDWebImage/Core (4.0.0-beta2)

DEPENDENCIES:
  - CocoaAsyncSocket (= 7.5.0)
  - FMDB (= 2.6.2)
  - MJExtension (= 3.0.13)
  - SDWebImage (= 4.0.0-beta2)

SPEC CHECKSUMS:
  CocoaAsyncSocket: 3baeb1ddd969f81cf9fca81053ae49ef2d1cbbfa
  FMDB: 854a0341b4726e53276f2a8996f06f1b80f9259a
  MJExtension: 5932755f451458eefa24239358817f8d291240c7
  SDWebImage: e379f33106cf8d6766f970c0ef1c3fb609c94d78

PODFILE CHECKSUM: d4210cf67a829ec4d6a12c1f1c3dfc92d479d944

COCOAPODS: 1.2.1.beta.1
